// !$*UTF8*$!
{
	archiveVersion = 1;
	classes = {
	};
	objectVersion = 50;
	objects = {

/* Begin PBXBuildFile section */
		0C0E6D3B208B446D00B33F6A /* Assets.xcassets in Resources */ = {isa = PBXBuildFile; fileRef = 0C0E6D3A208B446D00B33F6A /* Assets.xcassets */; };
		0CB36175208E16AE00F9D62B /* DataInfo.swift in Sources */ = {isa = PBXBuildFile; fileRef = 0CB36174208E16AE00F9D62B /* DataInfo.swift */; };
		0CD8F12B20833A9500683CC8 /* AppDelegate.swift in Sources */ = {isa = PBXBuildFile; fileRef = 0CD8F12A20833A9500683CC8 /* AppDelegate.swift */; };
		0CD8F12D20833A9500683CC8 /* HomeViewController.swift in Sources */ = {isa = PBXBuildFile; fileRef = 0CD8F12C20833A9500683CC8 /* HomeViewController.swift */; };
		0CD8F13020833A9500683CC8 /* Main.storyboard in Resources */ = {isa = PBXBuildFile; fileRef = 0CD8F12E20833A9500683CC8 /* Main.storyboard */; };
		0CD8F13520833A9900683CC8 /* LaunchScreen.storyboard in Resources */ = {isa = PBXBuildFile; fileRef = 0CD8F13320833A9900683CC8 /* LaunchScreen.storyboard */; };
		0CD8F14020833A9900683CC8 /* iRadioTests.swift in Sources */ = {isa = PBXBuildFile; fileRef = 0CD8F13F20833A9900683CC8 /* iRadioTests.swift */; };
		0CD8F14B20833A9900683CC8 /* iRadioUITests.swift in Sources */ = {isa = PBXBuildFile; fileRef = 0CD8F14A20833A9900683CC8 /* iRadioUITests.swift */; };
		0CD8F15B2083426A00683CC8 /* FavoritesViewController.swift in Sources */ = {isa = PBXBuildFile; fileRef = 0CD8F15A2083426A00683CC8 /* FavoritesViewController.swift */; };
		0CD8F15D2083444D00683CC8 /* ChannelCollectionViewCell.swift in Sources */ = {isa = PBXBuildFile; fileRef = 0CD8F15C2083444D00683CC8 /* ChannelCollectionViewCell.swift */; };
		0CD8F15F208347B000683CC8 /* KindTableViewCell.swift in Sources */ = {isa = PBXBuildFile; fileRef = 0CD8F15E208347B000683CC8 /* KindTableViewCell.swift */; };
		0CD8F16420835B7500683CC8 /* AudioPlayer.swift in Sources */ = {isa = PBXBuildFile; fileRef = 0CD8F16320835B7500683CC8 /* AudioPlayer.swift */; };
		0CD8F16620835C2500683CC8 /* GeneralTabBarViewController.swift in Sources */ = {isa = PBXBuildFile; fileRef = 0CD8F16520835C2500683CC8 /* GeneralTabBarViewController.swift */; };
		0CD8F1682083B54F00683CC8 /* MiniPlayerView.xib in Resources */ = {isa = PBXBuildFile; fileRef = 0CD8F1672083B54E00683CC8 /* MiniPlayerView.xib */; };
		0CD8F16A2083B58D00683CC8 /* MiniPlayerController.swift in Sources */ = {isa = PBXBuildFile; fileRef = 0CD8F1692083B58D00683CC8 /* MiniPlayerController.swift */; };
		0CD8F16C2083B65700683CC8 /* MiniPlayerView.swift in Sources */ = {isa = PBXBuildFile; fileRef = 0CD8F16B2083B65700683CC8 /* MiniPlayerView.swift */; };
/* End PBXBuildFile section */

/* Begin PBXContainerItemProxy section */
		0CD8F13C20833A9900683CC8 /* PBXContainerItemProxy */ = {
			isa = PBXContainerItemProxy;
			containerPortal = 0CD8F11F20833A9500683CC8 /* Project object */;
			proxyType = 1;
			remoteGlobalIDString = 0CD8F12620833A9500683CC8;
			remoteInfo = iRadio;
		};
		0CD8F14720833A9900683CC8 /* PBXContainerItemProxy */ = {
			isa = PBXContainerItemProxy;
			containerPortal = 0CD8F11F20833A9500683CC8 /* Project object */;
			proxyType = 1;
			remoteGlobalIDString = 0CD8F12620833A9500683CC8;
			remoteInfo = iRadio;
		};
/* End PBXContainerItemProxy section */

/* Begin PBXFileReference section */
		0C0E6D3A208B446D00B33F6A /* Assets.xcassets */ = {isa = PBXFileReference; lastKnownFileType = folder.assetcatalog; path = Assets.xcassets; sourceTree = "<group>"; };
		0CB36174208E16AE00F9D62B /* DataInfo.swift */ = {isa = PBXFileReference; fileEncoding = 4; lastKnownFileType = sourcecode.swift; path = DataInfo.swift; sourceTree = "<group>"; };
		0CD8F12720833A9500683CC8 /* iRadio.app */ = {isa = PBXFileReference; explicitFileType = wrapper.application; includeInIndex = 0; path = iRadio.app; sourceTree = BUILT_PRODUCTS_DIR; };
		0CD8F12A20833A9500683CC8 /* AppDelegate.swift */ = {isa = PBXFileReference; lastKnownFileType = sourcecode.swift; path = AppDelegate.swift; sourceTree = "<group>"; };
		0CD8F12C20833A9500683CC8 /* HomeViewController.swift */ = {isa = PBXFileReference; lastKnownFileType = sourcecode.swift; path = HomeViewController.swift; sourceTree = "<group>"; };
		0CD8F12F20833A9500683CC8 /* Base */ = {isa = PBXFileReference; lastKnownFileType = file.storyboard; name = Base; path = Base.lproj/Main.storyboard; sourceTree = "<group>"; };
		0CD8F13420833A9900683CC8 /* Base */ = {isa = PBXFileReference; lastKnownFileType = file.storyboard; name = Base; path = Base.lproj/LaunchScreen.storyboard; sourceTree = "<group>"; };
		0CD8F13620833A9900683CC8 /* Info.plist */ = {isa = PBXFileReference; lastKnownFileType = text.plist.xml; path = Info.plist; sourceTree = "<group>"; };
		0CD8F13B20833A9900683CC8 /* iRadioTests.xctest */ = {isa = PBXFileReference; explicitFileType = wrapper.cfbundle; includeInIndex = 0; path = iRadioTests.xctest; sourceTree = BUILT_PRODUCTS_DIR; };
		0CD8F13F20833A9900683CC8 /* iRadioTests.swift */ = {isa = PBXFileReference; lastKnownFileType = sourcecode.swift; path = iRadioTests.swift; sourceTree = "<group>"; };
		0CD8F14120833A9900683CC8 /* Info.plist */ = {isa = PBXFileReference; lastKnownFileType = text.plist.xml; path = Info.plist; sourceTree = "<group>"; };
		0CD8F14620833A9900683CC8 /* iRadioUITests.xctest */ = {isa = PBXFileReference; explicitFileType = wrapper.cfbundle; includeInIndex = 0; path = iRadioUITests.xctest; sourceTree = BUILT_PRODUCTS_DIR; };
		0CD8F14A20833A9900683CC8 /* iRadioUITests.swift */ = {isa = PBXFileReference; lastKnownFileType = sourcecode.swift; path = iRadioUITests.swift; sourceTree = "<group>"; };
		0CD8F14C20833A9900683CC8 /* Info.plist */ = {isa = PBXFileReference; lastKnownFileType = text.plist.xml; path = Info.plist; sourceTree = "<group>"; };
		0CD8F15A2083426A00683CC8 /* FavoritesViewController.swift */ = {isa = PBXFileReference; lastKnownFileType = sourcecode.swift; path = FavoritesViewController.swift; sourceTree = "<group>"; };
		0CD8F15C2083444D00683CC8 /* ChannelCollectionViewCell.swift */ = {isa = PBXFileReference; lastKnownFileType = sourcecode.swift; path = ChannelCollectionViewCell.swift; sourceTree = "<group>"; };
		0CD8F15E208347B000683CC8 /* KindTableViewCell.swift */ = {isa = PBXFileReference; lastKnownFileType = sourcecode.swift; path = KindTableViewCell.swift; sourceTree = "<group>"; };
		0CD8F16320835B7500683CC8 /* AudioPlayer.swift */ = {isa = PBXFileReference; fileEncoding = 4; lastKnownFileType = sourcecode.swift; path = AudioPlayer.swift; sourceTree = "<group>"; };
		0CD8F16520835C2500683CC8 /* GeneralTabBarViewController.swift */ = {isa = PBXFileReference; lastKnownFileType = sourcecode.swift; path = GeneralTabBarViewController.swift; sourceTree = "<group>"; };
		0CD8F1672083B54E00683CC8 /* MiniPlayerView.xib */ = {isa = PBXFileReference; fileEncoding = 4; lastKnownFileType = file.xib; path = MiniPlayerView.xib; sourceTree = "<group>"; };
		0CD8F1692083B58D00683CC8 /* MiniPlayerController.swift */ = {isa = PBXFileReference; fileEncoding = 4; lastKnownFileType = sourcecode.swift; path = MiniPlayerController.swift; sourceTree = "<group>"; };
		0CD8F16B2083B65700683CC8 /* MiniPlayerView.swift */ = {isa = PBXFileReference; fileEncoding = 4; lastKnownFileType = sourcecode.swift; path = MiniPlayerView.swift; sourceTree = "<group>"; };
/* End PBXFileReference section */

/* Begin PBXFrameworksBuildPhase section */
		0CD8F12420833A9500683CC8 /* Frameworks */ = {
			isa = PBXFrameworksBuildPhase;
			buildActionMask = 2147483647;
			files = (
			);
			runOnlyForDeploymentPostprocessing = 0;
		};
		0CD8F13820833A9900683CC8 /* Frameworks */ = {
			isa = PBXFrameworksBuildPhase;
			buildActionMask = 2147483647;
			files = (
			);
			runOnlyForDeploymentPostprocessing = 0;
		};
		0CD8F14320833A9900683CC8 /* Frameworks */ = {
			isa = PBXFrameworksBuildPhase;
			buildActionMask = 2147483647;
			files = (
			);
			runOnlyForDeploymentPostprocessing = 0;
		};
/* End PBXFrameworksBuildPhase section */

/* Begin PBXGroup section */
		0CD61CE7208C2D680084BC3A /* View */ = {
			isa = PBXGroup;
			children = (
				0CD8F15C2083444D00683CC8 /* ChannelCollectionViewCell.swift */,
				0CD8F15E208347B000683CC8 /* KindTableViewCell.swift */,
				0CD8F16B2083B65700683CC8 /* MiniPlayerView.swift */,
				0CD8F1672083B54E00683CC8 /* MiniPlayerView.xib */,
				0CD8F12E20833A9500683CC8 /* Main.storyboard */,
				0CD8F13320833A9900683CC8 /* LaunchScreen.storyboard */,
			);
			path = View;
			sourceTree = "<group>";
		};
		0CD61CE9208C2D980084BC3A /* Controller */ = {
			isa = PBXGroup;
			children = (
				0CD8F12C20833A9500683CC8 /* HomeViewController.swift */,
				0CD8F15A2083426A00683CC8 /* FavoritesViewController.swift */,
				0CD8F16520835C2500683CC8 /* GeneralTabBarViewController.swift */,
				0CD8F1692083B58D00683CC8 /* MiniPlayerController.swift */,
			);
			path = Controller;
			sourceTree = "<group>";
		};
		0CD8F11E20833A9500683CC8 = {
			isa = PBXGroup;
			children = (
				0CD8F12920833A9500683CC8 /* iRadio */,
				0CD8F13E20833A9900683CC8 /* iRadioTests */,
				0CD8F14920833A9900683CC8 /* iRadioUITests */,
				0CD8F12820833A9500683CC8 /* Products */,
			);
			sourceTree = "<group>";
		};
		0CD8F12820833A9500683CC8 /* Products */ = {
			isa = PBXGroup;
			children = (
				0CD8F12720833A9500683CC8 /* iRadio.app */,
				0CD8F13B20833A9900683CC8 /* iRadioTests.xctest */,
				0CD8F14620833A9900683CC8 /* iRadioUITests.xctest */,
			);
			name = Products;
			sourceTree = "<group>";
		};
		0CD8F12920833A9500683CC8 /* iRadio */ = {
			isa = PBXGroup;
			children = (
				0CD61CE9208C2D980084BC3A /* Controller */,
				0CD61CE7208C2D680084BC3A /* View */,
				0CD8F162208349BB00683CC8 /* Utils */,
				0CD8F12A20833A9500683CC8 /* AppDelegate.swift */,
				0C0E6D3A208B446D00B33F6A /* Assets.xcassets */,
				0CD8F13620833A9900683CC8 /* Info.plist */,
			);
			path = iRadio;
			sourceTree = "<group>";
		};
		0CD8F13E20833A9900683CC8 /* iRadioTests */ = {
			isa = PBXGroup;
			children = (
				0CD8F13F20833A9900683CC8 /* iRadioTests.swift */,
				0CD8F14120833A9900683CC8 /* Info.plist */,
			);
			path = iRadioTests;
			sourceTree = "<group>";
		};
		0CD8F14920833A9900683CC8 /* iRadioUITests */ = {
			isa = PBXGroup;
			children = (
				0CD8F14A20833A9900683CC8 /* iRadioUITests.swift */,
				0CD8F14C20833A9900683CC8 /* Info.plist */,
			);
			path = iRadioUITests;
			sourceTree = "<group>";
		};
		0CD8F162208349BB00683CC8 /* Utils */ = {
			isa = PBXGroup;
			children = (
				0CB36174208E16AE00F9D62B /* DataInfo.swift */,
				0CD8F16320835B7500683CC8 /* AudioPlayer.swift */,
			);
			path = Utils;
			sourceTree = "<group>";
		};
/* End PBXGroup section */

/* Begin PBXNativeTarget section */
		0CD8F12620833A9500683CC8 /* iRadio */ = {
			isa = PBXNativeTarget;
			buildConfigurationList = 0CD8F14F20833A9900683CC8 /* Build configuration list for PBXNativeTarget "iRadio" */;
			buildPhases = (
				0CD8F12320833A9500683CC8 /* Sources */,
				0CD8F12420833A9500683CC8 /* Frameworks */,
				0CD8F12520833A9500683CC8 /* Resources */,
			);
			buildRules = (
			);
			dependencies = (
			);
			name = iRadio;
			productName = iRadio;
			productReference = 0CD8F12720833A9500683CC8 /* iRadio.app */;
			productType = "com.apple.product-type.application";
		};
		0CD8F13A20833A9900683CC8 /* iRadioTests */ = {
			isa = PBXNativeTarget;
			buildConfigurationList = 0CD8F15220833A9900683CC8 /* Build configuration list for PBXNativeTarget "iRadioTests" */;
			buildPhases = (
				0CD8F13720833A9900683CC8 /* Sources */,
				0CD8F13820833A9900683CC8 /* Frameworks */,
				0CD8F13920833A9900683CC8 /* Resources */,
			);
			buildRules = (
			);
			dependencies = (
				0CD8F13D20833A9900683CC8 /* PBXTargetDependency */,
			);
			name = iRadioTests;
			productName = iRadioTests;
			productReference = 0CD8F13B20833A9900683CC8 /* iRadioTests.xctest */;
			productType = "com.apple.product-type.bundle.unit-test";
		};
		0CD8F14520833A9900683CC8 /* iRadioUITests */ = {
			isa = PBXNativeTarget;
			buildConfigurationList = 0CD8F15520833A9900683CC8 /* Build configuration list for PBXNativeTarget "iRadioUITests" */;
			buildPhases = (
				0CD8F14220833A9900683CC8 /* Sources */,
				0CD8F14320833A9900683CC8 /* Frameworks */,
				0CD8F14420833A9900683CC8 /* Resources */,
			);
			buildRules = (
			);
			dependencies = (
				0CD8F14820833A9900683CC8 /* PBXTargetDependency */,
			);
			name = iRadioUITests;
			productName = iRadioUITests;
			productReference = 0CD8F14620833A9900683CC8 /* iRadioUITests.xctest */;
			productType = "com.apple.product-type.bundle.ui-testing";
		};
/* End PBXNativeTarget section */

/* Begin PBXProject section */
		0CD8F11F20833A9500683CC8 /* Project object */ = {
			isa = PBXProject;
			attributes = {
				LastSwiftUpdateCheck = 0930;
				LastUpgradeCheck = 0930;
				ORGANIZATIONNAME = DavidTran;
				TargetAttributes = {
					0CD8F12620833A9500683CC8 = {
						CreatedOnToolsVersion = 9.3;
						SystemCapabilities = {
							com.apple.BackgroundModes = {
								enabled = 1;
							};
						};
					};
					0CD8F13A20833A9900683CC8 = {
						CreatedOnToolsVersion = 9.3;
						TestTargetID = 0CD8F12620833A9500683CC8;
					};
					0CD8F14520833A9900683CC8 = {
						CreatedOnToolsVersion = 9.3;
						TestTargetID = 0CD8F12620833A9500683CC8;
					};
				};
			};
			buildConfigurationList = 0CD8F12220833A9500683CC8 /* Build configuration list for PBXProject "iRadio" */;
			compatibilityVersion = "Xcode 9.3";
			developmentRegion = en;
			hasScannedForEncodings = 0;
			knownRegions = (
				en,
				Base,
			);
			mainGroup = 0CD8F11E20833A9500683CC8;
			productRefGroup = 0CD8F12820833A9500683CC8 /* Products */;
			projectDirPath = "";
			projectRoot = "";
			targets = (
				0CD8F12620833A9500683CC8 /* iRadio */,
				0CD8F13A20833A9900683CC8 /* iRadioTests */,
				0CD8F14520833A9900683CC8 /* iRadioUITests */,
			);
		};
/* End PBXProject section */

/* Begin PBXResourcesBuildPhase section */
		0CD8F12520833A9500683CC8 /* Resources */ = {
			isa = PBXResourcesBuildPhase;
			buildActionMask = 2147483647;
			files = (
				0CD8F1682083B54F00683CC8 /* MiniPlayerView.xib in Resources */,
				0C0E6D3B208B446D00B33F6A /* Assets.xcassets in Resources */,
				0CD8F13520833A9900683CC8 /* LaunchScreen.storyboard in Resources */,
				0CD8F13020833A9500683CC8 /* Main.storyboard in Resources */,
			);
			runOnlyForDeploymentPostprocessing = 0;
		};
		0CD8F13920833A9900683CC8 /* Resources */ = {
			isa = PBXResourcesBuildPhase;
			buildActionMask = 2147483647;
			files = (
			);
			runOnlyForDeploymentPostprocessing = 0;
		};
		0CD8F14420833A9900683CC8 /* Resources */ = {
			isa = PBXResourcesBuildPhase;
			buildActionMask = 2147483647;
			files = (
			);
			runOnlyForDeploymentPostprocessing = 0;
		};
/* End PBXResourcesBuildPhase section */

/* Begin PBXSourcesBuildPhase section */
		0CD8F12320833A9500683CC8 /* Sources */ = {
			isa = PBXSourcesBuildPhase;
			buildActionMask = 2147483647;
			files = (
				0CD8F12D20833A9500683CC8 /* HomeViewController.swift in Sources */,
				0CD8F16420835B7500683CC8 /* AudioPlayer.swift in Sources */,
				0CD8F15B2083426A00683CC8 /* FavoritesViewController.swift in Sources */,
				0CD8F15F208347B000683CC8 /* KindTableViewCell.swift in Sources */,
				0CD8F15D2083444D00683CC8 /* ChannelCollectionViewCell.swift in Sources */,
				0CD8F12B20833A9500683CC8 /* AppDelegate.swift in Sources */,
				0CD8F16A2083B58D00683CC8 /* MiniPlayerController.swift in Sources */,
				0CD8F16C2083B65700683CC8 /* MiniPlayerView.swift in Sources */,
				0CD8F16620835C2500683CC8 /* GeneralTabBarViewController.swift in Sources */,
				0CB36175208E16AE00F9D62B /* DataInfo.swift in Sources */,
			);
			runOnlyForDeploymentPostprocessing = 0;
		};
		0CD8F13720833A9900683CC8 /* Sources */ = {
			isa = PBXSourcesBuildPhase;
			buildActionMask = 2147483647;
			files = (
				0CD8F14020833A9900683CC8 /* iRadioTests.swift in Sources */,
			);
			runOnlyForDeploymentPostprocessing = 0;
		};
		0CD8F14220833A9900683CC8 /* Sources */ = {
			isa = PBXSourcesBuildPhase;
			buildActionMask = 2147483647;
			files = (
				0CD8F14B20833A9900683CC8 /* iRadioUITests.swift in Sources */,
			);
			runOnlyForDeploymentPostprocessing = 0;
		};
/* End PBXSourcesBuildPhase section */

/* Begin PBXTargetDependency section */
		0CD8F13D20833A9900683CC8 /* PBXTargetDependency */ = {
			isa = PBXTargetDependency;
			target = 0CD8F12620833A9500683CC8 /* iRadio */;
			targetProxy = 0CD8F13C20833A9900683CC8 /* PBXContainerItemProxy */;
		};
		0CD8F14820833A9900683CC8 /* PBXTargetDependency */ = {
			isa = PBXTargetDependency;
			target = 0CD8F12620833A9500683CC8 /* iRadio */;
			targetProxy = 0CD8F14720833A9900683CC8 /* PBXContainerItemProxy */;
		};
/* End PBXTargetDependency section */

/* Begin PBXVariantGroup section */
		0CD8F12E20833A9500683CC8 /* Main.storyboard */ = {
			isa = PBXVariantGroup;
			children = (
				0CD8F12F20833A9500683CC8 /* Base */,
			);
			name = Main.storyboard;
			sourceTree = "<group>";
		};
		0CD8F13320833A9900683CC8 /* LaunchScreen.storyboard */ = {
			isa = PBXVariantGroup;
			children = (
				0CD8F13420833A9900683CC8 /* Base */,
			);
			name = LaunchScreen.storyboard;
			sourceTree = "<group>";
		};
/* End PBXVariantGroup section */

/* Begin XCBuildConfiguration section */
		0CD8F14D20833A9900683CC8 /* Debug */ = {
			isa = XCBuildConfiguration;
			buildSettings = {
				ALWAYS_SEARCH_USER_PATHS = NO;
				CLANG_ANALYZER_NONNULL = YES;
				CLANG_ANALYZER_NUMBER_OBJECT_CONVERSION = YES_AGGRESSIVE;
				CLANG_CXX_LANGUAGE_STANDARD = "gnu++14";
				CLANG_CXX_LIBRARY = "libc++";
				CLANG_ENABLE_MODULES = YES;
				CLANG_ENABLE_OBJC_ARC = YES;
				CLANG_ENABLE_OBJC_WEAK = YES;
				CLANG_WARN_BLOCK_CAPTURE_AUTORELEASING = YES;
				CLANG_WARN_BOOL_CONVERSION = YES;
				CLANG_WARN_COMMA = YES;
				CLANG_WARN_CONSTANT_CONVERSION = YES;
				CLANG_WARN_DEPRECATED_OBJC_IMPLEMENTATIONS = YES;
				CLANG_WARN_DIRECT_OBJC_ISA_USAGE = YES_ERROR;
				CLANG_WARN_DOCUMENTATION_COMMENTS = YES;
				CLANG_WARN_EMPTY_BODY = YES;
				CLANG_WARN_ENUM_CONVERSION = YES;
				CLANG_WARN_INFINITE_RECURSION = YES;
				CLANG_WARN_INT_CONVERSION = YES;
				CLANG_WARN_NON_LITERAL_NULL_CONVERSION = YES;
				CLANG_WARN_OBJC_IMPLICIT_RETAIN_SELF = YES;
				CLANG_WARN_OBJC_LITERAL_CONVERSION = YES;
				CLANG_WARN_OBJC_ROOT_CLASS = YES_ERROR;
				CLANG_WARN_RANGE_LOOP_ANALYSIS = YES;
				CLANG_WARN_STRICT_PROTOTYPES = YES;
				CLANG_WARN_SUSPICIOUS_MOVE = YES;
				CLANG_WARN_UNGUARDED_AVAILABILITY = YES_AGGRESSIVE;
				CLANG_WARN_UNREACHABLE_CODE = YES;
				CLANG_WARN__DUPLICATE_METHOD_MATCH = YES;
				CODE_SIGN_IDENTITY = "iPhone Developer";
				COPY_PHASE_STRIP = NO;
				DEBUG_INFORMATION_FORMAT = dwarf;
				ENABLE_STRICT_OBJC_MSGSEND = YES;
				ENABLE_TESTABILITY = YES;
				GCC_C_LANGUAGE_STANDARD = gnu11;
				GCC_DYNAMIC_NO_PIC = NO;
				GCC_NO_COMMON_BLOCKS = YES;
				GCC_OPTIMIZATION_LEVEL = 0;
				GCC_PREPROCESSOR_DEFINITIONS = (
					"DEBUG=1",
					"$(inherited)",
				);
				GCC_WARN_64_TO_32_BIT_CONVERSION = YES;
				GCC_WARN_ABOUT_RETURN_TYPE = YES_ERROR;
				GCC_WARN_UNDECLARED_SELECTOR = YES;
				GCC_WARN_UNINITIALIZED_AUTOS = YES_AGGRESSIVE;
				GCC_WARN_UNUSED_FUNCTION = YES;
				GCC_WARN_UNUSED_VARIABLE = YES;
				IPHONEOS_DEPLOYMENT_TARGET = 11.3;
				MTL_ENABLE_DEBUG_INFO = YES;
				ONLY_ACTIVE_ARCH = YES;
				SDKROOT = iphoneos;
				SWIFT_ACTIVE_COMPILATION_CONDITIONS = DEBUG;
				SWIFT_OPTIMIZATION_LEVEL = "-Onone";
			};
			name = Debug;
		};
		0CD8F14E20833A9900683CC8 /* Release */ = {
			isa = XCBuildConfiguration;
			buildSettings = {
				ALWAYS_SEARCH_USER_PATHS = NO;
				CLANG_ANALYZER_NONNULL = YES;
				CLANG_ANALYZER_NUMBER_OBJECT_CONVERSION = YES_AGGRESSIVE;
				CLANG_CXX_LANGUAGE_STANDARD = "gnu++14";
				CLANG_CXX_LIBRARY = "libc++";
				CLANG_ENABLE_MODULES = YES;
				CLANG_ENABLE_OBJC_ARC = YES;
				CLANG_ENABLE_OBJC_WEAK = YES;
				CLANG_WARN_BLOCK_CAPTURE_AUTORELEASING = YES;
				CLANG_WARN_BOOL_CONVERSION = YES;
				CLANG_WARN_COMMA = YES;
				CLANG_WARN_CONSTANT_CONVERSION = YES;
				CLANG_WARN_DEPRECATED_OBJC_IMPLEMENTATIONS = YES;
				CLANG_WARN_DIRECT_OBJC_ISA_USAGE = YES_ERROR;
				CLANG_WARN_DOCUMENTATION_COMMENTS = YES;
				CLANG_WARN_EMPTY_BODY = YES;
				CLANG_WARN_ENUM_CONVERSION = YES;
				CLANG_WARN_INFINITE_RECURSION = YES;
				CLANG_WARN_INT_CONVERSION = YES;
				CLANG_WARN_NON_LITERAL_NULL_CONVERSION = YES;
				CLANG_WARN_OBJC_IMPLICIT_RETAIN_SELF = YES;
				CLANG_WARN_OBJC_LITERAL_CONVERSION = YES;
				CLANG_WARN_OBJC_ROOT_CLASS = YES_ERROR;
				CLANG_WARN_RANGE_LOOP_ANALYSIS = YES;
				CLANG_WARN_STRICT_PROTOTYPES = YES;
				CLANG_WARN_SUSPICIOUS_MOVE = YES;
				CLANG_WARN_UNGUARDED_AVAILABILITY = YES_AGGRESSIVE;
				CLANG_WARN_UNREACHABLE_CODE = YES;
				CLANG_WARN__DUPLICATE_METHOD_MATCH = YES;
				CODE_SIGN_IDENTITY = "iPhone Developer";
				COPY_PHASE_STRIP = NO;
				DEBUG_INFORMATION_FORMAT = "dwarf-with-dsym";
				ENABLE_NS_ASSERTIONS = NO;
				ENABLE_STRICT_OBJC_MSGSEND = YES;
				GCC_C_LANGUAGE_STANDARD = gnu11;
				GCC_NO_COMMON_BLOCKS = YES;
				GCC_WARN_64_TO_32_BIT_CONVERSION = YES;
				GCC_WARN_ABOUT_RETURN_TYPE = YES_ERROR;
				GCC_WARN_UNDECLARED_SELECTOR = YES;
				GCC_WARN_UNINITIALIZED_AUTOS = YES_AGGRESSIVE;
				GCC_WARN_UNUSED_FUNCTION = YES;
				GCC_WARN_UNUSED_VARIABLE = YES;
				IPHONEOS_DEPLOYMENT_TARGET = 11.3;
				MTL_ENABLE_DEBUG_INFO = NO;
				SDKROOT = iphoneos;
				SWIFT_COMPILATION_MODE = wholemodule;
				SWIFT_OPTIMIZATION_LEVEL = "-O";
				VALIDATE_PRODUCT = YES;
			};
			name = Release;
		};
		0CD8F15020833A9900683CC8 /* Debug */ = {
			isa = XCBuildConfiguration;
			buildSettings = {
				ASSETCATALOG_COMPILER_APPICON_NAME = AppIcon;
				CODE_SIGN_STYLE = Automatic;
				DEVELOPMENT_TEAM = 93MAR7H8C6;
				INFOPLIST_FILE = iRadio/Info.plist;
				IPHONEOS_DEPLOYMENT_TARGET = 11.0;
				LD_RUNPATH_SEARCH_PATHS = (
					"$(inherited)",
					"@executable_path/Frameworks",
				);
				PRODUCT_BUNDLE_IDENTIFIER = com.tat.iRadio;
				PRODUCT_NAME = "$(TARGET_NAME)";
				SWIFT_VERSION = 4.0;
				TARGETED_DEVICE_FAMILY = "1,2";
			};
			name = Debug;
		};
		0CD8F15120833A9900683CC8 /* Release */ = {
			isa = XCBuildConfiguration;
			buildSettings = {
				ASSETCATALOG_COMPILER_APPICON_NAME = AppIcon;
				CODE_SIGN_STYLE = Automatic;
				DEVELOPMENT_TEAM = 93MAR7H8C6;
				INFOPLIST_FILE = iRadio/Info.plist;
				IPHONEOS_DEPLOYMENT_TARGET = 11.0;
				LD_RUNPATH_SEARCH_PATHS = (
					"$(inherited)",
					"@executable_path/Frameworks",
				);
				PRODUCT_BUNDLE_IDENTIFIER = com.tat.iRadio;
				PRODUCT_NAME = "$(TARGET_NAME)";
				SWIFT_VERSION = 4.0;
				TARGETED_DEVICE_FAMILY = "1,2";
			};
			name = Release;
		};
		0CD8F15320833A9900683CC8 /* Debug */ = {
			isa = XCBuildConfiguration;
			buildSettings = {
				ALWAYS_EMBED_SWIFT_STANDARD_LIBRARIES = YES;
				BUNDLE_LOADER = "$(TEST_HOST)";
				CODE_SIGN_STYLE = Automatic;
				DEVELOPMENT_TEAM = 93MAR7H8C6;
				INFOPLIST_FILE = iRadioTests/Info.plist;
				LD_RUNPATH_SEARCH_PATHS = (
					"$(inherited)",
					"@executable_path/Frameworks",
					"@loader_path/Frameworks",
				);
				PRODUCT_BUNDLE_IDENTIFIER = com.tat.iRadioTests;
				PRODUCT_NAME = "$(TARGET_NAME)";
				SWIFT_VERSION = 4.0;
				TARGETED_DEVICE_FAMILY = "1,2";
				TEST_HOST = "$(BUILT_PRODUCTS_DIR)/iRadio.app/iRadio";
			};
			name = Debug;
		};
		0CD8F15420833A9900683CC8 /* Release */ = {
			isa = XCBuildConfiguration;
			buildSettings = {
				ALWAYS_EMBED_SWIFT_STANDARD_LIBRARIES = YES;
				BUNDLE_LOADER = "$(TEST_HOST)";
				CODE_SIGN_STYLE = Automatic;
				DEVELOPMENT_TEAM = 93MAR7H8C6;
				INFOPLIST_FILE = iRadioTests/Info.plist;
				LD_RUNPATH_SEARCH_PATHS = (
					"$(inherited)",
					"@executable_path/Frameworks",
					"@loader_path/Frameworks",
				);
				PRODUCT_BUNDLE_IDENTIFIER = com.tat.iRadioTests;
				PRODUCT_NAME = "$(TARGET_NAME)";
				SWIFT_VERSION = 4.0;
				TARGETED_DEVICE_FAMILY = "1,2";
				TEST_HOST = "$(BUILT_PRODUCTS_DIR)/iRadio.app/iRadio";
			};
			name = Release;
		};
		0CD8F15620833A9900683CC8 /* Debug */ = {
			isa = XCBuildConfiguration;
			buildSettings = {
				ALWAYS_EMBED_SWIFT_STANDARD_LIBRARIES = YES;
				CODE_SIGN_STYLE = Automatic;
				DEVELOPMENT_TEAM = 93MAR7H8C6;
				INFOPLIST_FILE = iRadioUITests/Info.plist;
				LD_RUNPATH_SEARCH_PATHS = (
					"$(inherited)",
					"@executable_path/Frameworks",
					"@loader_path/Frameworks",
				);
				PRODUCT_BUNDLE_IDENTIFIER = com.tat.iRadioUITests;
				PRODUCT_NAME = "$(TARGET_NAME)";
				SWIFT_VERSION = 4.0;
				TARGETED_DEVICE_FAMILY = "1,2";
				TEST_TARGET_NAME = iRadio;
			};
			name = Debug;
		};
		0CD8F15720833A9900683CC8 /* Release */ = {
			isa = XCBuildConfiguration;
			buildSettings = {
				ALWAYS_EMBED_SWIFT_STANDARD_LIBRARIES = YES;
				CODE_SIGN_STYLE = Automatic;
				DEVELOPMENT_TEAM = 93MAR7H8C6;
				INFOPLIST_FILE = iRadioUITests/Info.plist;
				LD_RUNPATH_SEARCH_PATHS = (
					"$(inherited)",
					"@executable_path/Frameworks",
					"@loader_path/Frameworks",
				);
				PRODUCT_BUNDLE_IDENTIFIER = com.tat.iRadioUITests;
				PRODUCT_NAME = "$(TARGET_NAME)";
				SWIFT_VERSION = 4.0;
				TARGETED_DEVICE_FAMILY = "1,2";
				TEST_TARGET_NAME = iRadio;
			};
			name = Release;
		};
/* End XCBuildConfiguration section */

/* Begin XCConfigurationList section */
		0CD8F12220833A9500683CC8 /* Build configuration list for PBXProject "iRadio" */ = {
			isa = XCConfigurationList;
			buildConfigurations = (
				0CD8F14D20833A9900683CC8 /* Debug */,
				0CD8F14E20833A9900683CC8 /* Release */,
			);
			defaultConfigurationIsVisible = 0;
			defaultConfigurationName = Release;
		};
		0CD8F14F20833A9900683CC8 /* Build configuration list for PBXNativeTarget "iRadio" */ = {
			isa = XCConfigurationList;
			buildConfigurations = (
				0CD8F15020833A9900683CC8 /* Debug */,
				0CD8F15120833A9900683CC8 /* Release */,
			);
			defaultConfigurationIsVisible = 0;
			defaultConfigurationName = Release;
		};
		0CD8F15220833A9900683CC8 /* Build configuration list for PBXNativeTarget "iRadioTests" */ = {
			isa = XCConfigurationList;
			buildConfigurations = (
				0CD8F15320833A9900683CC8 /* Debug */,
				0CD8F15420833A9900683CC8 /* Release */,
			);
			defaultConfigurationIsVisible = 0;
			defaultConfigurationName = Release;
		};
		0CD8F15520833A9900683CC8 /* Build configuration list for PBXNativeTarget "iRadioUITests" */ = {
			isa = XCConfigurationList;
			buildConfigurations = (
				0CD8F15620833A9900683CC8 /* Debug */,
				0CD8F15720833A9900683CC8 /* Release */,
			);
			defaultConfigurationIsVisible = 0;
			defaultConfigurationName = Release;
		};
/* End XCConfigurationList section */
	};
	rootObject = 0CD8F11F20833A9500683CC8 /* Project object */;
}
